{
  "nodes": {
    "binding": {
      "inputs": {
        "binding": "binding_2",
        "nixpkgs": [
          "nixpkgs"
        ]
      },
      "locked": {
        "lastModified": 1759096792,
        "narHash": "sha256-CW4D1yJecw7Id6AxIEJOW3OpcX3Y4Ehng76/YlR1I9w=",
        "ref": "refs/heads/main",
        "rev": "8df2996504866f3193fbe51860ab173d25724e5e",
        "revCount": 307,
        "type": "git",
        "url": "https://git.berlin.ccc.de/servicepoint/servicepoint-binding-csharp.git"
      },
      "original": {
        "type": "git",
        "url": "https://git.berlin.ccc.de/servicepoint/servicepoint-binding-csharp.git"
      }
    },
    "binding_2": {
      "inputs": {
        "nixpkgs": [
          "binding",
          "nixpkgs"
        ]
      },
      "locked": {
        "lastModified": 1759093963,
        "narHash": "sha256-nis9Xps/P1f/v9FC3LoMLGGCOMMbdrOniDSklqLsH8o=",
        "ref": "refs/heads/main",
        "rev": "44ef4bb6d707c46af1bed6244f17a16f26f246c1",
        "revCount": 304,
        "type": "git",
        "url": "https://git.berlin.ccc.de/servicepoint/servicepoint-binding-uniffi.git"
      },
      "original": {
        "type": "git",
        "url": "https://git.berlin.ccc.de/servicepoint/servicepoint-binding-uniffi.git"
      }
    },
    "nixpkgs": {
      "locked": {
        "lastModified": 1758589230,
        "narHash": "sha256-zMTCFGe8aVGTEr2RqUi/QzC1nOIQ0N1HRsbqB4f646k=",
        "owner": "nixos",
        "repo": "nixpkgs",
        "rev": "d1d883129b193f0b495d75c148c2c3a7d95789a0",
        "type": "github"
      },
      "original": {
        "owner": "nixos",
        "ref": "nixos-25.05",
        "repo": "nixpkgs",
        "type": "github"
      }
    },
    "root": {
      "inputs": {
        "binding": "binding",
        "nixpkgs": "nixpkgs"
      }
    }
  },
  "root": "root",
  "version": 7
}
