
Microsoft Visual Studio Solution File, Format Version 12.00
# 
Project("{FAE04EC0-301F-11D3-BF4B-00C04F79EFBC}") = "TanksServer", "TanksServer\TanksServer.csproj", "{D88BF376-47A4-4C72-ADD1-983F9285C351}"
EndProject
Project("{2150E333-8FDC-42A3-9474-1A3956D46DE8}") = "shared", "shared", "{12DB7D48-1BB2-488B-B4D9-4126087D2F8C}"
	ProjectSection(SolutionItems) = preProject
		Dockerfile = Dockerfile
		..\shell.nix = ..\shell.nix
		..\.envrc = ..\.envrc
	EndProjectSection
EndProject
Project("{2150E333-8FDC-42A3-9474-1A3956D46DE8}") = "servicepoint", "servicepoint", "{A10FB29A-9078-4E90-9CE1-E6C2B5209E19}"
EndProject
Project("{2150E333-8FDC-42A3-9474-1A3956D46DE8}") = "crates", "crates", "{656A7CBA-9445-41CC-B1AF-A6897AAC9F17}"
EndProject
Project("{2150E333-8FDC-42A3-9474-1A3956D46DE8}") = "servicepoint_binding_uniffi", "servicepoint_binding_uniffi", "{5FD9FAD7-07BA-4DF9-8C84-15A9558373F1}"
EndProject
Project("{2150E333-8FDC-42A3-9474-1A3956D46DE8}") = "libraries", "libraries", "{6082A0DC-5345-48C8-BA2E-667754A2F0E9}"
EndProject
Project("{2150E333-8FDC-42A3-9474-1A3956D46DE8}") = "csharp", "csharp", "{D8A3290B-5DFB-43C6-99EE-56AB5F53F468}"
EndProject
Project("{FAE04EC0-301F-11D3-BF4B-00C04F79EFBC}") = "ServicePoint", "servicepoint\crates\servicepoint_binding_uniffi\libraries\csharp\ServicePoint\ServicePoint.csproj", "{D1DDCD0D-6152-45E6-B673-DD78C466BDC3}"
EndProject
Project("{FAE04EC0-301F-11D3-BF4B-00C04F79EFBC}") = "ServicePoint.Tests", "servicepoint\crates\servicepoint_binding_uniffi\libraries\csharp\ServicePoint.Tests\ServicePoint.Tests.csproj", "{EF42D6B7-70B1-490B-BB5F-5A44D1309A7C}"
EndProject
Global
	GlobalSection(SolutionConfigurationPlatforms) = preSolution
		Debug|Any CPU = Debug|Any CPU
		Release|Any CPU = Release|Any CPU
	EndGlobalSection
	GlobalSection(ProjectConfigurationPlatforms) = postSolution
		{D88BF376-47A4-4C72-ADD1-983F9285C351}.Debug|Any CPU.ActiveCfg = Debug|Any CPU
		{D88BF376-47A4-4C72-ADD1-983F9285C351}.Debug|Any CPU.Build.0 = Debug|Any CPU
		{D88BF376-47A4-4C72-ADD1-983F9285C351}.Release|Any CPU.ActiveCfg = Release|Any CPU
		{D88BF376-47A4-4C72-ADD1-983F9285C351}.Release|Any CPU.Build.0 = Release|Any CPU
		{D1DDCD0D-6152-45E6-B673-DD78C466BDC3}.Debug|Any CPU.ActiveCfg = Debug|Any CPU
		{D1DDCD0D-6152-45E6-B673-DD78C466BDC3}.Debug|Any CPU.Build.0 = Debug|Any CPU
		{D1DDCD0D-6152-45E6-B673-DD78C466BDC3}.Release|Any CPU.ActiveCfg = Release|Any CPU
		{D1DDCD0D-6152-45E6-B673-DD78C466BDC3}.Release|Any CPU.Build.0 = Release|Any CPU
		{EF42D6B7-70B1-490B-BB5F-5A44D1309A7C}.Debug|Any CPU.ActiveCfg = Debug|Any CPU
		{EF42D6B7-70B1-490B-BB5F-5A44D1309A7C}.Debug|Any CPU.Build.0 = Debug|Any CPU
		{EF42D6B7-70B1-490B-BB5F-5A44D1309A7C}.Release|Any CPU.ActiveCfg = Release|Any CPU
		{EF42D6B7-70B1-490B-BB5F-5A44D1309A7C}.Release|Any CPU.Build.0 = Release|Any CPU
	EndGlobalSection
	GlobalSection(NestedProjects) = preSolution
		{656A7CBA-9445-41CC-B1AF-A6897AAC9F17} = {A10FB29A-9078-4E90-9CE1-E6C2B5209E19}
		{5FD9FAD7-07BA-4DF9-8C84-15A9558373F1} = {656A7CBA-9445-41CC-B1AF-A6897AAC9F17}
		{6082A0DC-5345-48C8-BA2E-667754A2F0E9} = {5FD9FAD7-07BA-4DF9-8C84-15A9558373F1}
		{D8A3290B-5DFB-43C6-99EE-56AB5F53F468} = {6082A0DC-5345-48C8-BA2E-667754A2F0E9}
		{D1DDCD0D-6152-45E6-B673-DD78C466BDC3} = {D8A3290B-5DFB-43C6-99EE-56AB5F53F468}
		{EF42D6B7-70B1-490B-BB5F-5A44D1309A7C} = {D8A3290B-5DFB-43C6-99EE-56AB5F53F468}
	EndGlobalSection
EndGlobal
